
Microsoft Visual Studio Solution File, Format Version 12.00
# Visual Studio Version 17
VisualStudioVersion = 17.9.34902.65
MinimumVisualStudioVersion = 10.0.40219.1
Project("{FAE04EC0-301F-11D3-BF4B-00C04F79EFBC}") = "C#", "C#.csproj", "{857BA517-0ED4-4878-9BD5-28998BD109FD}"
EndProject
Global
	GlobalSection(SolutionConfigurationPlatforms) = preSolution
		Debug|Any CPU = Debug|Any CPU
		Release|Any CPU = Release|Any CPU
	EndGlobalSection
	GlobalSection(ProjectConfigurationPlatforms) = postSolution
		{857BA517-0ED4-4878-9BD5-28998BD109FD}.Debug|Any CPU.ActiveCfg = Debug|Any CPU
		{857BA517-0ED4-4878-9BD5-28998BD109FD}.Debug|Any CPU.Build.0 = Debug|Any CPU
		{857BA517-0ED4-4878-9BD5-28998BD109FD}.Release|Any CPU.ActiveCfg = Release|Any CPU
		{857BA517-0ED4-4878-9BD5-28998BD109FD}.Release|Any CPU.Build.0 = Release|Any CPU
	EndGlobalSection
	GlobalSection(SolutionProperties) = preSolution
		HideSolutionNode = FALSE
	EndGlobalSection
	GlobalSection(ExtensibilityGlobals) = postSolution
		SolutionGuid = {561940E5-BFF2-4E44-BD51-75233EEBEA8F}
	EndGlobalSection
EndGlobal
